{
  "name": "endtoend",
  "version": "1.0.0",
  "lockfileVersion": 3,
  "requires": true,
  "packages": {
    "": {
      "name": "endtoend",
      "version": "1.0.0",
      "license": "ISC",
      "devDependencies": {
        "@playwright/test": "^1.56.0-alpha-2025-08-29",
        "@types/node": "^24.3.0"
      }
    },
    "node_modules/@playwright/test": {
      "version": "1.56.0-alpha-2025-08-29",
      "resolved": "https://registry.npmmirror.com/@playwright/test/-/test-1.56.0-alpha-2025-08-29.tgz",
      "integrity": "sha512-3KMN6Cuc/lbEHmp/3HStfQhXHHVHx2fJ2KolA2rDw19sXGR2hi/jf+XUZOZrGlZbjs5YMmhzZgiJscX0KY8oiA==",
      "dev": true,
      "dependencies": {
        "playwright": "1.56.0-alpha-2025-08-29"
      },
      "bin": {
        "playwright": "cli.js"
      },
      "engines": {
        "node": ">=18"
      }
    },
    "node_modules/@types/node": {
      "version": "24.3.0",
      "resolved": "https://registry.npmmirror.com/@types/node/-/node-24.3.0.tgz",
      "integrity": "sha512-aPTXCrfwnDLj4VvXrm+UUCQjNEvJgNA8s5F1cvwQU+3KNltTOkBm1j30uNLyqqPNe7gE3KFzImYoZEfLhp4Yow==",
      "dev": true,
      "dependencies": {
        "undici-types": "~7.10.0"
      }
    },
    "node_modules/fsevents": {
      "version": "2.3.2",
      "resolved": "https://registry.npmmirror.com/fsevents/-/fsevents-2.3.2.tgz",
      "integrity": "sha512-xiqMQR4xAeHTuB9uWm+fFRcIOgKBMiOBP+eXiyT7jsgVCq1bkVygt00oASowB7EdtpOHaaPgKt812P9ab+DDKA==",
      "dev": true,
      "hasInstallScript": true,
      "optional": true,
      "os": [
        "darwin"
      ],
      "engines": {
        "node": "^8.16.0 || ^10.6.0 || >=11.0.0"
      }
    },
    "node_modules/playwright": {
      "version": "1.56.0-alpha-2025-08-29",
      "resolved": "https://registry.npmmirror.com/playwright/-/playwright-1.56.0-alpha-2025-08-29.tgz",
      "integrity": "sha512-z7nc1ZhV5loM0CblVamozeWXp1A313Joms35HEe4sGt9dWiFsvW3FL2mh39FE6MbEo2Lii3QTc7FhwWKuy06Vw==",
      "dev": true,
      "dependencies": {
        "playwright-core": "1.56.0-alpha-2025-08-29"
      },
      "bin": {
        "playwright": "cli.js"
      },
      "engines": {
        "node": ">=18"
      },
      "optionalDependencies": {
        "fsevents": "2.3.2"
      }
    },
    "node_modules/playwright-core": {
      "version": "1.56.0-alpha-2025-08-29",
      "resolved": "https://registry.npmmirror.com/playwright-core/-/playwright-core-1.56.0-alpha-2025-08-29.tgz",
      "integrity": "sha512-aMjEUjoBwZX+RfVdW3kDoK8cbQ1JtNpy4fzhlMG36aioPIR0h/ZQHO4hnkd0KSsPCx+H/TCNBGGzom5E03YfMw==",
      "dev": true,
      "bin": {
        "playwright-core": "cli.js"
      },
      "engines": {
        "node": ">=18"
      }
    },
    "node_modules/undici-types": {
      "version": "7.10.0",
      "resolved": "https://registry.npmmirror.com/undici-types/-/undici-types-7.10.0.tgz",
      "integrity": "sha512-t5Fy/nfn+14LuOc2KNYg75vZqClpAiqscVvMygNnlsHBFpSXdJaYtXMcdNLpl/Qvc3P2cB3s6lOV51nqsFq4ag==",
      "dev": true
    }
  }
}
